
Microsoft Visual Studio Solution File, Format Version 12.00
# Visual Studio Version 17
VisualStudioVersion = 17.5.33516.290
MinimumVisualStudioVersion = 10.0.40219.1
Project("{FAE04EC0-301F-11D3-BF4B-00C04F79EFBC}") = "Prj-ATV-UC12-001-Caua", "Prj-ATV-UC12-001-Caua\Prj-ATV-UC12-001-Caua.csproj", "{B5777E12-1543-4A4B-A214-F6F6C14C734F}"
EndProject
Global
	GlobalSection(SolutionConfigurationPlatforms) = preSolution
		Debug|Any CPU = Debug|Any CPU
		Release|Any CPU = Release|Any CPU
	EndGlobalSection
	GlobalSection(ProjectConfigurationPlatforms) = postSolution
		{B5777E12-1543-4A4B-A214-F6F6C14C734F}.Debug|Any CPU.ActiveCfg = Debug|Any CPU
		{B5777E12-1543-4A4B-A214-F6F6C14C734F}.Debug|Any CPU.Build.0 = Debug|Any CPU
		{B5777E12-1543-4A4B-A214-F6F6C14C734F}.Release|Any CPU.ActiveCfg = Release|Any CPU
		{B5777E12-1543-4A4B-A214-F6F6C14C734F}.Release|Any CPU.Build.0 = Release|Any CPU
	EndGlobalSection
	GlobalSection(SolutionProperties) = preSolution
		HideSolutionNode = FALSE
	EndGlobalSection
	GlobalSection(ExtensibilityGlobals) = postSolution
		SolutionGuid = {13580EE7-5D6A-4C3E-BBD6-A634EF3F07E0}
	EndGlobalSection
EndGlobal
